<?xml version="1.0" encoding="utf-8"?>
<Project ToolsVersion="15.0" xmlns="http://schemas.microsoft.com/developer/msbuild/2003">
  <ItemGroup>
    <CustomBuild Include="F:\cpp\vsomeip\vsomeip_method-test\vsprojects\CMakeFiles\5dd99a270fca2f6a2c8da285aa756a30\generate.stamp.rule">
      <Filter>CMake Rules</Filter>
    </CustomBuild>
  </ItemGroup>
  <ItemGroup>
    <Filter Include="CMake Rules">
      <UniqueIdentifier>{6A7DEDF5-CCC7-3177-8A83-9A7B294AA05A}</UniqueIdentifier>
    </Filter>
  </ItemGroup>
</Project>
